
Microsoft Visual Studio Solution File, Format Version 12.00
# Visual Studio Version 16
VisualStudioVersion = 16.0.30804.86
MinimumVisualStudioVersion = 10.0.40219.1
Project("{FAE04EC0-301F-11D3-BF4B-00C04F79EFBC}") = "SurveyAdmin", "SurveyAdmin\SurveyAdmin.csproj", "{8614DFF2-4EED-4678-A5E5-FA368B4659A4}"
EndProject
Project("{FAE04EC0-301F-11D3-BF4B-00C04F79EFBC}") = "SurveyAdmin.Tests", "SurveyAdmin.Tests\SurveyAdmin.Tests.csproj", "{742DD79C-E0CE-400E-A82A-1C466C4E627A}"
EndProject
Global
	GlobalSection(SolutionConfigurationPlatforms) = preSolution
		Debug|Any CPU = Debug|Any CPU
		Release|Any CPU = Release|Any CPU
	EndGlobalSection
	GlobalSection(ProjectConfigurationPlatforms) = postSolution
		{8614DFF2-4EED-4678-A5E5-FA368B4659A4}.Debug|Any CPU.ActiveCfg = Debug|Any CPU
		{8614DFF2-4EED-4678-A5E5-FA368B4659A4}.Debug|Any CPU.Build.0 = Debug|Any CPU
		{8614DFF2-4EED-4678-A5E5-FA368B4659A4}.Release|Any CPU.ActiveCfg = Release|Any CPU
		{8614DFF2-4EED-4678-A5E5-FA368B4659A4}.Release|Any CPU.Build.0 = Release|Any CPU
		{742DD79C-E0CE-400E-A82A-1C466C4E627A}.Debug|Any CPU.ActiveCfg = Debug|Any CPU
		{742DD79C-E0CE-400E-A82A-1C466C4E627A}.Debug|Any CPU.Build.0 = Debug|Any CPU
		{742DD79C-E0CE-400E-A82A-1C466C4E627A}.Release|Any CPU.ActiveCfg = Release|Any CPU
		{742DD79C-E0CE-400E-A82A-1C466C4E627A}.Release|Any CPU.Build.0 = Release|Any CPU
	EndGlobalSection
	GlobalSection(SolutionProperties) = preSolution
		HideSolutionNode = FALSE
	EndGlobalSection
	GlobalSection(ExtensibilityGlobals) = postSolution
		SolutionGuid = {D67F6DA9-4CC5-4E39-8742-1B4DA8E92D81}
	EndGlobalSection
EndGlobal
